
Microsoft Visual Studio Solution File, Format Version 12.00
# Visual Studio Version 17
VisualStudioVersion = 17.9.34723.18
MinimumVisualStudioVersion = 10.0.40219.1
Project("{FAE04EC0-301F-11D3-BF4B-00C04F79EFBC}") = "studentreg", "studentreg.csproj", "{5870C141-6D67-4987-A9A8-220687F3421D}"
EndProject
Global
	GlobalSection(SolutionConfigurationPlatforms) = preSolution
		Debug|Any CPU = Debug|Any CPU
		Release|Any CPU = Release|Any CPU
	EndGlobalSection
	GlobalSection(ProjectConfigurationPlatforms) = postSolution
		{5870C141-6D67-4987-A9A8-220687F3421D}.Debug|Any CPU.ActiveCfg = Debug|Any CPU
		{5870C141-6D67-4987-A9A8-220687F3421D}.Debug|Any CPU.Build.0 = Debug|Any CPU
		{5870C141-6D67-4987-A9A8-220687F3421D}.Release|Any CPU.ActiveCfg = Release|Any CPU
		{5870C141-6D67-4987-A9A8-220687F3421D}.Release|Any CPU.Build.0 = Release|Any CPU
	EndGlobalSection
	GlobalSection(SolutionProperties) = preSolution
		HideSolutionNode = FALSE
	EndGlobalSection
	GlobalSection(ExtensibilityGlobals) = postSolution
		SolutionGuid = {949C83FE-771E-4414-9300-3DBFED3D3B94}
	EndGlobalSection
EndGlobal
